// !$*UTF8*$!
{
	archiveVersion = 1;
	classes = {
	};
	objectVersion = 48;
	objects = {

/* Begin PBXBuildFile section */
		3017C98C1DD8F3940052E48C /* InteractiveStory.swift in Sources */ = {isa = PBXBuildFile; fileRef = 3017C98B1DD8F3940052E48C /* InteractiveStory.swift */; };
		30FBD8671DD69318009581DE /* AppDelegate.swift in Sources */ = {isa = PBXBuildFile; fileRef = 30FBD8661DD69318009581DE /* AppDelegate.swift */; };
		30FBD8691DD69318009581DE /* ViewController.swift in Sources */ = {isa = PBXBuildFile; fileRef = 30FBD8681DD69318009581DE /* ViewController.swift */; };
		30FBD86C1DD69318009581DE /* Main.storyboard in Resources */ = {isa = PBXBuildFile; fileRef = 30FBD86A1DD69318009581DE /* Main.storyboard */; };
		30FBD86E1DD69318009581DE /* Assets.xcassets in Resources */ = {isa = PBXBuildFile; fileRef = 30FBD86D1DD69318009581DE /* Assets.xcassets */; };
		30FBD8711DD69318009581DE /* LaunchScreen.storyboard in Resources */ = {isa = PBXBuildFile; fileRef = 30FBD86F1DD69318009581DE /* LaunchScreen.storyboard */; };
		30FBD8791DD695DB009581DE /* README.md in Sources */ = {isa = PBXBuildFile; fileRef = 30FBD8781DD695DB009581DE /* README.md */; };
/* End PBXBuildFile section */

/* Begin PBXFileReference section */
		3017C98B1DD8F3940052E48C /* InteractiveStory.swift */ = {isa = PBXFileReference; fileEncoding = 4; lastKnownFileType = sourcecode.swift; path = InteractiveStory.swift; sourceTree = "<group>"; };
		30FBD8631DD69318009581DE /* InteractiveStory.app */ = {isa = PBXFileReference; explicitFileType = wrapper.application; includeInIndex = 0; path = InteractiveStory.app; sourceTree = BUILT_PRODUCTS_DIR; };
		30FBD8661DD69318009581DE /* AppDelegate.swift */ = {isa = PBXFileReference; lastKnownFileType = sourcecode.swift; path = AppDelegate.swift; sourceTree = "<group>"; };
		30FBD8681DD69318009581DE /* ViewController.swift */ = {isa = PBXFileReference; lastKnownFileType = sourcecode.swift; path = ViewController.swift; sourceTree = "<group>"; };
		30FBD86B1DD69318009581DE /* Base */ = {isa = PBXFileReference; lastKnownFileType = file.storyboard; name = Base; path = Base.lproj/Main.storyboard; sourceTree = "<group>"; };
		30FBD86D1DD69318009581DE /* Assets.xcassets */ = {isa = PBXFileReference; lastKnownFileType = folder.assetcatalog; path = Assets.xcassets; sourceTree = "<group>"; };
		30FBD8701DD69318009581DE /* Base */ = {isa = PBXFileReference; lastKnownFileType = file.storyboard; name = Base; path = Base.lproj/LaunchScreen.storyboard; sourceTree = "<group>"; };
		30FBD8721DD69318009581DE /* Info.plist */ = {isa = PBXFileReference; lastKnownFileType = text.plist.xml; path = Info.plist; sourceTree = "<group>"; };
		30FBD8781DD695DB009581DE /* README.md */ = {isa = PBXFileReference; fileEncoding = 4; lastKnownFileType = net.daringfireball.markdown; path = README.md; sourceTree = "<group>"; };
/* End PBXFileReference section */

/* Begin PBXFrameworksBuildPhase section */
		30FBD8601DD69318009581DE /* Frameworks */ = {
			isa = PBXFrameworksBuildPhase;
			buildActionMask = 2147483647;
			files = (
			);
			runOnlyForDeploymentPostprocessing = 0;
		};
/* End PBXFrameworksBuildPhase section */

/* Begin PBXGroup section */
		30FBD85A1DD69318009581DE = {
			isa = PBXGroup;
			children = (
				30FBD8781DD695DB009581DE /* README.md */,
				30FBD8651DD69318009581DE /* InteractiveStory */,
				30FBD8641DD69318009581DE /* Products */,
			);
			sourceTree = "<group>";
		};
		30FBD8641DD69318009581DE /* Products */ = {
			isa = PBXGroup;
			children = (
				30FBD8631DD69318009581DE /* InteractiveStory.app */,
			);
			name = Products;
			sourceTree = "<group>";
		};
		30FBD8651DD69318009581DE /* InteractiveStory */ = {
			isa = PBXGroup;
			children = (
				30FBD8661DD69318009581DE /* AppDelegate.swift */,
				30FBD8681DD69318009581DE /* ViewController.swift */,
				3017C98B1DD8F3940052E48C /* InteractiveStory.swift */,
				30FBD86A1DD69318009581DE /* Main.storyboard */,
				30FBD86D1DD69318009581DE /* Assets.xcassets */,
				30FBD86F1DD69318009581DE /* LaunchScreen.storyboard */,
				30FBD8721DD69318009581DE /* Info.plist */,
			);
			path = InteractiveStory;
			sourceTree = "<group>";
		};
/* End PBXGroup section */

/* Begin PBXNativeTarget section */
		30FBD8621DD69318009581DE /* InteractiveStory */ = {
			isa = PBXNativeTarget;
			buildConfigurationList = 30FBD8751DD69318009581DE /* Build configuration list for PBXNativeTarget "InteractiveStory" */;
			buildPhases = (
				30FBD85F1DD69318009581DE /* Sources */,
				30FBD8601DD69318009581DE /* Frameworks */,
				30FBD8611DD69318009581DE /* Resources */,
			);
			buildRules = (
			);
			dependencies = (
			);
			name = InteractiveStory;
			productName = InteractiveStory;
			productReference = 30FBD8631DD69318009581DE /* InteractiveStory.app */;
			productType = "com.apple.product-type.application";
		};
/* End PBXNativeTarget section */

/* Begin PBXProject section */
		30FBD85B1DD69318009581DE /* Project object */ = {
			isa = PBXProject;
			attributes = {
				LastSwiftUpdateCheck = 0810;
				LastUpgradeCheck = 0810;
				ORGANIZATIONNAME = "Danny Garcia";
				TargetAttributes = {
					30FBD8621DD69318009581DE = {
						CreatedOnToolsVersion = 8.1;
						ProvisioningStyle = Automatic;
					};
				};
			};
			buildConfigurationList = 30FBD85E1DD69318009581DE /* Build configuration list for PBXProject "InteractiveStory" */;
			compatibilityVersion = "Xcode 8.0";
			developmentRegion = English;
			hasScannedForEncodings = 0;
			knownRegions = (
				en,
				Base,
			);
			mainGroup = 30FBD85A1DD69318009581DE;
			productRefGroup = 30FBD8641DD69318009581DE /* Products */;
			projectDirPath = "";
			projectRoot = "";
			targets = (
				30FBD8621DD69318009581DE /* InteractiveStory */,
			);
		};
/* End PBXProject section */

/* Begin PBXResourcesBuildPhase section */
		30FBD8611DD69318009581DE /* Resources */ = {
			isa = PBXResourcesBuildPhase;
			buildActionMask = 2147483647;
			files = (
				30FBD8711DD69318009581DE /* LaunchScreen.storyboard in Resources */,
				30FBD86E1DD69318009581DE /* Assets.xcassets in Resources */,
				30FBD86C1DD69318009581DE /* Main.storyboard in Resources */,
			);
			runOnlyForDeploymentPostprocessing = 0;
		};
/* End PBXResourcesBuildPhase section */

/* Begin PBXSourcesBuildPhase section */
		30FBD85F1DD69318009581DE /* Sources */ = {
			isa = PBXSourcesBuildPhase;
			buildActionMask = 2147483647;
			files = (
				3017C98C1DD8F3940052E48C /* InteractiveStory.swift in Sources */,
				30FBD8791DD695DB009581DE /* README.md in Sources */,
				30FBD8691DD69318009581DE /* ViewController.swift in Sources */,
				30FBD8671DD69318009581DE /* AppDelegate.swift in Sources */,
			);
			runOnlyForDeploymentPostprocessing = 0;
		};
/* End PBXSourcesBuildPhase section */

/* Begin PBXVariantGroup section */
		30FBD86A1DD69318009581DE /* Main.storyboard */ = {
			isa = PBXVariantGroup;
			children = (
				30FBD86B1DD69318009581DE /* Base */,
			);
			name = Main.storyboard;
			sourceTree = "<group>";
		};
		30FBD86F1DD69318009581DE /* LaunchScreen.storyboard */ = {
			isa = PBXVariantGroup;
			children = (
				30FBD8701DD69318009581DE /* Base */,
			);
			name = LaunchScreen.storyboard;
			sourceTree = "<group>";
		};
/* End PBXVariantGroup section */

/* Begin XCBuildConfiguration section */
		30FBD8731DD69318009581DE /* Debug */ = {
			isa = XCBuildConfiguration;
			buildSettings = {
				ALWAYS_SEARCH_USER_PATHS = NO;
				CLANG_ANALYZER_NONNULL = YES;
				CLANG_CXX_LANGUAGE_STANDARD = "gnu++0x";
				CLANG_CXX_LIBRARY = "libc++";
				CLANG_ENABLE_MODULES = YES;
				CLANG_ENABLE_OBJC_ARC = YES;
				CLANG_WARN_BOOL_CONVERSION = YES;
				CLANG_WARN_CONSTANT_CONVERSION = YES;
				CLANG_WARN_DIRECT_OBJC_ISA_USAGE = YES_ERROR;
				CLANG_WARN_DOCUMENTATION_COMMENTS = YES;
				CLANG_WARN_EMPTY_BODY = YES;
				CLANG_WARN_ENUM_CONVERSION = YES;
				CLANG_WARN_INFINITE_RECURSION = YES;
				CLANG_WARN_INT_CONVERSION = YES;
				CLANG_WARN_OBJC_ROOT_CLASS = YES_ERROR;
				CLANG_WARN_SUSPICIOUS_MOVES = YES;
				CLANG_WARN_UNREACHABLE_CODE = YES;
				CLANG_WARN__DUPLICATE_METHOD_MATCH = YES;
				"CODE_SIGN_IDENTITY[sdk=iphoneos*]" = "iPhone Developer";
				COPY_PHASE_STRIP = NO;
				DEBUG_INFORMATION_FORMAT = dwarf;
				ENABLE_STRICT_OBJC_MSGSEND = YES;
				ENABLE_TESTABILITY = YES;
				GCC_C_LANGUAGE_STANDARD = gnu99;
				GCC_DYNAMIC_NO_PIC = NO;
				GCC_NO_COMMON_BLOCKS = YES;
				GCC_OPTIMIZATION_LEVEL = 0;
				GCC_PREPROCESSOR_DEFINITIONS = (
					"DEBUG=1",
					"$(inherited)",
				);
				GCC_WARN_64_TO_32_BIT_CONVERSION = YES;
				GCC_WARN_ABOUT_RETURN_TYPE = YES_ERROR;
				GCC_WARN_UNDECLARED_SELECTOR = YES;
				GCC_WARN_UNINITIALIZED_AUTOS = YES_AGGRESSIVE;
				GCC_WARN_UNUSED_FUNCTION = YES;
				GCC_WARN_UNUSED_VARIABLE = YES;
				IPHONEOS_DEPLOYMENT_TARGET = 10.1;
				MTL_ENABLE_DEBUG_INFO = YES;
				ONLY_ACTIVE_ARCH = YES;
				SDKROOT = iphoneos;
				SWIFT_ACTIVE_COMPILATION_CONDITIONS = DEBUG;
				SWIFT_OPTIMIZATION_LEVEL = "-Onone";
			};
			name = Debug;
		};
		30FBD8741DD69318009581DE /* Release */ = {
			isa = XCBuildConfiguration;
			buildSettings = {
				ALWAYS_SEARCH_USER_PATHS = NO;
				CLANG_ANALYZER_NONNULL = YES;
				CLANG_CXX_LANGUAGE_STANDARD = "gnu++0x";
				CLANG_CXX_LIBRARY = "libc++";
				CLANG_ENABLE_MODULES = YES;
				CLANG_ENABLE_OBJC_ARC = YES;
				CLANG_WARN_BOOL_CONVERSION = YES;
				CLANG_WARN_CONSTANT_CONVERSION = YES;
				CLANG_WARN_DIRECT_OBJC_ISA_USAGE = YES_ERROR;
				CLANG_WARN_DOCUMENTATION_COMMENTS = YES;
				CLANG_WARN_EMPTY_BODY = YES;
				CLANG_WARN_ENUM_CONVERSION = YES;
				CLANG_WARN_INFINITE_RECURSION = YES;
				CLANG_WARN_INT_CONVERSION = YES;
				CLANG_WARN_OBJC_ROOT_CLASS = YES_ERROR;
				CLANG_WARN_SUSPICIOUS_MOVES = YES;
				CLANG_WARN_UNREACHABLE_CODE = YES;
				CLANG_WARN__DUPLICATE_METHOD_MATCH = YES;
				"CODE_SIGN_IDENTITY[sdk=iphoneos*]" = "iPhone Developer";
				COPY_PHASE_STRIP = NO;
				DEBUG_INFORMATION_FORMAT = "dwarf-with-dsym";
				ENABLE_NS_ASSERTIONS = NO;
				ENABLE_STRICT_OBJC_MSGSEND = YES;
				GCC_C_LANGUAGE_STANDARD = gnu99;
				GCC_NO_COMMON_BLOCKS = YES;
				GCC_WARN_64_TO_32_BIT_CONVERSION = YES;
				GCC_WARN_ABOUT_RETURN_TYPE = YES_ERROR;
				GCC_WARN_UNDECLARED_SELECTOR = YES;
				GCC_WARN_UNINITIALIZED_AUTOS = YES_AGGRESSIVE;
				GCC_WARN_UNUSED_FUNCTION = YES;
				GCC_WARN_UNUSED_VARIABLE = YES;
				IPHONEOS_DEPLOYMENT_TARGET = 10.1;
				MTL_ENABLE_DEBUG_INFO = NO;
				SDKROOT = iphoneos;
				SWIFT_OPTIMIZATION_LEVEL = "-Owholemodule";
				VALIDATE_PRODUCT = YES;
			};
			name = Release;
		};
		30FBD8761DD69318009581DE /* Debug */ = {
			isa = XCBuildConfiguration;
			buildSettings = {
				ASSETCATALOG_COMPILER_APPICON_NAME = AppIcon;
				INFOPLIST_FILE = InteractiveStory/Info.plist;
				LD_RUNPATH_SEARCH_PATHS = "$(inherited) @executable_path/Frameworks";
				PRODUCT_BUNDLE_IDENTIFIER = io.whatilearnedtoday.InteractiveStory;
				PRODUCT_NAME = "$(TARGET_NAME)";
				SWIFT_VERSION = 3.0;
			};
			name = Debug;
		};
		30FBD8771DD69318009581DE /* Release */ = {
			isa = XCBuildConfiguration;
			buildSettings = {
				ASSETCATALOG_COMPILER_APPICON_NAME = AppIcon;
				INFOPLIST_FILE = InteractiveStory/Info.plist;
				LD_RUNPATH_SEARCH_PATHS = "$(inherited) @executable_path/Frameworks";
				PRODUCT_BUNDLE_IDENTIFIER = io.whatilearnedtoday.InteractiveStory;
				PRODUCT_NAME = "$(TARGET_NAME)";
				SWIFT_VERSION = 3.0;
			};
			name = Release;
		};
/* End XCBuildConfiguration section */

/* Begin XCConfigurationList section */
		30FBD85E1DD69318009581DE /* Build configuration list for PBXProject "InteractiveStory" */ = {
			isa = XCConfigurationList;
			buildConfigurations = (
				30FBD8731DD69318009581DE /* Debug */,
				30FBD8741DD69318009581DE /* Release */,
			);
			defaultConfigurationIsVisible = 0;
			defaultConfigurationName = Release;
		};
		30FBD8751DD69318009581DE /* Build configuration list for PBXNativeTarget "InteractiveStory" */ = {
			isa = XCConfigurationList;
			buildConfigurations = (
				30FBD8761DD69318009581DE /* Debug */,
				30FBD8771DD69318009581DE /* Release */,
			);
			defaultConfigurationIsVisible = 0;
			defaultConfigurationName = Release;
		};
/* End XCConfigurationList section */
	};
	rootObject = 30FBD85B1DD69318009581DE /* Project object */;
}
